{
  "name": "example",
  "version": "1.0.0",
  "lockfileVersion": 3,
  "requires": true,
  "packages": {
    "": {
      "name": "example",
      "version": "1.0.0",
      "license": "ISC",
      "dependencies": {
        "desolation-kernel": "file:../kernel"
      },
      "devDependencies": {
        "typescript": "^5.3.3"
      }
    },
    "node_modules/@tonaljs/core": {
      "version": "4.10.3",
      "resolved": "https://registry.npmjs.org/@tonaljs/core/-/core-4.10.3.tgz",
      "integrity": "sha512-8J/RcIYLRS1tYG/ZLUdW234HhWNwMKrH+clrGBwOnu8qTiB7eHj97oPiPleW9UfjHmAAw3bA/S9dCvKD9UONGg==",
      "dependencies": {
        "@tonaljs/pitch": "^5.0.1",
        "@tonaljs/pitch-distance": "^5.0.1",
        "@tonaljs/pitch-interval": "^5.0.1",
        "@tonaljs/pitch-note": "^5.0.1"
      }
    },
    "node_modules/@tonaljs/midi": {
      "version": "4.9.1",
      "resolved": "https://registry.npmjs.org/@tonaljs/midi/-/midi-4.9.1.tgz",
      "integrity": "sha512-hAsjaN71ZVRu1MHrnsWt/Vjtb8sbYs9AVuz1YNAMggSAsw8OJm3gydO0FiovzPlCQAwBs9mbAx9umxYypUNNPw==",
      "dependencies": {
        "@tonaljs/core": "^4.10.3"
      }
    },
    "node_modules/@tonaljs/pitch": {
      "version": "5.0.1",
      "resolved": "https://registry.npmjs.org/@tonaljs/pitch/-/pitch-5.0.1.tgz",
      "integrity": "sha512-5HYkF4hGY0jS2y5V3Hf5gNFXX46kT4cAcI7JLEn+qQb9N1dU9Gz9koI9di0mD1Tbam+kviceiCsJl4WX/FqYjA=="
    },
    "node_modules/@tonaljs/pitch-distance": {
      "version": "5.0.1",
      "resolved": "https://registry.npmjs.org/@tonaljs/pitch-distance/-/pitch-distance-5.0.1.tgz",
      "integrity": "sha512-9v/R5xtph3XavGLsL16/FuJiMUAcczT0q9tctFkGl73cTxdHzLYwsflzVV5zeWBG3MNp7IekDegn+uV6B+EKcA==",
      "dependencies": {
        "@tonaljs/pitch": "^5.0.1",
        "@tonaljs/pitch-interval": "^5.0.1",
        "@tonaljs/pitch-note": "^5.0.1"
      }
    },
    "node_modules/@tonaljs/pitch-interval": {
      "version": "5.0.1",
      "resolved": "https://registry.npmjs.org/@tonaljs/pitch-interval/-/pitch-interval-5.0.1.tgz",
      "integrity": "sha512-tr+De3H7dN5v0NHlVTFOD8nodbuvUf6Mn3kCLMFrc1OucHXKZiD+dMTEC62iexjHMFi9ZAlYF08ZRJzmDlpJtw==",
      "dependencies": {
        "@tonaljs/pitch": "^5.0.1"
      }
    },
    "node_modules/@tonaljs/pitch-note": {
      "version": "5.0.1",
      "resolved": "https://registry.npmjs.org/@tonaljs/pitch-note/-/pitch-note-5.0.1.tgz",
      "integrity": "sha512-hRpyU06BOp4UYKZBpfS751o88WWbs3VX6sGqmhm0ggyQZpSeCi+DNQqL4eUG/0SfHivbW4HTmblA8b+tyQu0DQ==",
      "dependencies": {
        "@tonaljs/pitch": "^5.0.1"
      }
    },
    "node_modules/desolation-kernel": {
      "version": "1.0.0",
      "resolved": "file:../kernel",
      "license": "ISC",
      "dependencies": {
        "midi-writer-js": "^3.1.1"
      }
    },
    "node_modules/midi-writer-js": {
      "version": "3.1.1",
      "resolved": "https://registry.npmjs.org/midi-writer-js/-/midi-writer-js-3.1.1.tgz",
      "integrity": "sha512-ruRzUWtmcvD7xQcrKRk9fH+1BELv8x07QJxhpM4PS5n6+MOyPb39ifxTV/oI1hHPgKMSuhnhWw2MaGWUAvH9DA==",
      "hasInstallScript": true,
      "dependencies": {
        "@tonaljs/midi": "^4.9.0"
      }
    },
    "node_modules/typescript": {
      "version": "5.3.3",
      "resolved": "https://registry.npmjs.org/typescript/-/typescript-5.3.3.tgz",
      "integrity": "sha512-pXWcraxM0uxAS+tN0AG/BF2TyqmHO014Z070UsJ+pFvYuRSq8KH8DmWpnbXe0pEPDHXZV3FcAbJkijJ5oNEnWw==",
      "dev": true,
      "bin": {
        "tsc": "bin/tsc",
        "tsserver": "bin/tsserver"
      },
      "engines": {
        "node": ">=14.17"
      }
    }
  }
}
